
Microsoft Visual Studio Solution File, Format Version 12.00
# Visual Studio Version 17
VisualStudioVersion = 17.0.31903.59
MinimumVisualStudioVersion = 10.0.40219.1
Project("{2150E333-8FDC-42A3-9474-1A3956D46DE8}") = "src", "src", "{827E0CD3-B72D-47B6-A68D-7590B98EB39B}"
EndProject
Project("{FAE04EC0-301F-11D3-BF4B-00C04F79EFBC}") = "Prowl.Wicked", "src\Prowl.Wicked\Prowl.Wicked.csproj", "{4501B9CA-52C0-41F1-B083-6286E3357F15}"
EndProject
Project("{FAE04EC0-301F-11D3-BF4B-00C04F79EFBC}") = "Prowl.Wicked.Transport.Telepathy", "src\Prowl.Wicked.Transport.Telepathy\Prowl.Wicked.Transport.Telepathy.csproj", "{42017BDD-191B-444D-A713-75B00A77094A}"
EndProject
Project("{2150E333-8FDC-42A3-9474-1A3956D46DE8}") = "thirdparty", "thirdparty", "{A288BEE0-695A-BEEA-455C-649571D89326}"
EndProject
Project("{FAE04EC0-301F-11D3-BF4B-00C04F79EFBC}") = "Telepathy", "thirdparty\Telepathy\Telepathy.csproj", "{94BEE901-70B9-4271-90B6-D27BDD131D8E}"
EndProject
Project("{FAE04EC0-301F-11D3-BF4B-00C04F79EFBC}") = "Prowl.Wicked.CodeGen", "src\Prowl.Wicked.CodeGen\Prowl.Wicked.CodeGen.csproj", "{840C3569-EBEA-469A-B984-3A0FC1D94B48}"
EndProject
Project("{2150E333-8FDC-42A3-9474-1A3956D46DE8}") = "samples", "samples", "{5D20AA90-6969-D8BD-9DCD-8634F4692FDA}"
EndProject
Project("{2150E333-8FDC-42A3-9474-1A3956D46DE8}") = "ShooterGame", "ShooterGame", "{3CEDABA0-254A-1DC8-09A6-E8AC46D0F50A}"
EndProject
Project("{FAE04EC0-301F-11D3-BF4B-00C04F79EFBC}") = "ShooterGame", "samples\ShooterGame\ShooterGame\ShooterGame.csproj", "{7B20FBF4-6C5A-425A-9FC5-A99A513898EA}"
EndProject
Global
	GlobalSection(SolutionConfigurationPlatforms) = preSolution
		Debug|Any CPU = Debug|Any CPU
		Debug|x64 = Debug|x64
		Debug|x86 = Debug|x86
		Release|Any CPU = Release|Any CPU
		Release|x64 = Release|x64
		Release|x86 = Release|x86
	EndGlobalSection
	GlobalSection(ProjectConfigurationPlatforms) = postSolution
		{4501B9CA-52C0-41F1-B083-6286E3357F15}.Debug|Any CPU.ActiveCfg = Debug|Any CPU
		{4501B9CA-52C0-41F1-B083-6286E3357F15}.Debug|Any CPU.Build.0 = Debug|Any CPU
		{4501B9CA-52C0-41F1-B083-6286E3357F15}.Debug|x64.ActiveCfg = Debug|Any CPU
		{4501B9CA-52C0-41F1-B083-6286E3357F15}.Debug|x64.Build.0 = Debug|Any CPU
		{4501B9CA-52C0-41F1-B083-6286E3357F15}.Debug|x86.ActiveCfg = Debug|Any CPU
		{4501B9CA-52C0-41F1-B083-6286E3357F15}.Debug|x86.Build.0 = Debug|Any CPU
		{4501B9CA-52C0-41F1-B083-6286E3357F15}.Release|Any CPU.ActiveCfg = Release|Any CPU
		{4501B9CA-52C0-41F1-B083-6286E3357F15}.Release|Any CPU.Build.0 = Release|Any CPU
		{4501B9CA-52C0-41F1-B083-6286E3357F15}.Release|x64.ActiveCfg = Release|Any CPU
		{4501B9CA-52C0-41F1-B083-6286E3357F15}.Release|x64.Build.0 = Release|Any CPU
		{4501B9CA-52C0-41F1-B083-6286E3357F15}.Release|x86.ActiveCfg = Release|Any CPU
		{4501B9CA-52C0-41F1-B083-6286E3357F15}.Release|x86.Build.0 = Release|Any CPU
		{42017BDD-191B-444D-A713-75B00A77094A}.Debug|Any CPU.ActiveCfg = Debug|Any CPU
		{42017BDD-191B-444D-A713-75B00A77094A}.Debug|Any CPU.Build.0 = Debug|Any CPU
		{42017BDD-191B-444D-A713-75B00A77094A}.Debug|x64.ActiveCfg = Debug|Any CPU
		{42017BDD-191B-444D-A713-75B00A77094A}.Debug|x64.Build.0 = Debug|Any CPU
		{42017BDD-191B-444D-A713-75B00A77094A}.Debug|x86.ActiveCfg = Debug|Any CPU
		{42017BDD-191B-444D-A713-75B00A77094A}.Debug|x86.Build.0 = Debug|Any CPU
		{42017BDD-191B-444D-A713-75B00A77094A}.Release|Any CPU.ActiveCfg = Release|Any CPU
		{42017BDD-191B-444D-A713-75B00A77094A}.Release|Any CPU.Build.0 = Release|Any CPU
		{42017BDD-191B-444D-A713-75B00A77094A}.Release|x64.ActiveCfg = Release|Any CPU
		{42017BDD-191B-444D-A713-75B00A77094A}.Release|x64.Build.0 = Release|Any CPU
		{42017BDD-191B-444D-A713-75B00A77094A}.Release|x86.ActiveCfg = Release|Any CPU
		{42017BDD-191B-444D-A713-75B00A77094A}.Release|x86.Build.0 = Release|Any CPU
		{94BEE901-70B9-4271-90B6-D27BDD131D8E}.Debug|Any CPU.ActiveCfg = Debug|Any CPU
		{94BEE901-70B9-4271-90B6-D27BDD131D8E}.Debug|Any CPU.Build.0 = Debug|Any CPU
		{94BEE901-70B9-4271-90B6-D27BDD131D8E}.Debug|x64.ActiveCfg = Debug|Any CPU
		{94BEE901-70B9-4271-90B6-D27BDD131D8E}.Debug|x64.Build.0 = Debug|Any CPU
		{94BEE901-70B9-4271-90B6-D27BDD131D8E}.Debug|x86.ActiveCfg = Debug|Any CPU
		{94BEE901-70B9-4271-90B6-D27BDD131D8E}.Debug|x86.Build.0 = Debug|Any CPU
		{94BEE901-70B9-4271-90B6-D27BDD131D8E}.Release|Any CPU.ActiveCfg = Release|Any CPU
		{94BEE901-70B9-4271-90B6-D27BDD131D8E}.Release|Any CPU.Build.0 = Release|Any CPU
		{94BEE901-70B9-4271-90B6-D27BDD131D8E}.Release|x64.ActiveCfg = Release|Any CPU
		{94BEE901-70B9-4271-90B6-D27BDD131D8E}.Release|x64.Build.0 = Release|Any CPU
		{94BEE901-70B9-4271-90B6-D27BDD131D8E}.Release|x86.ActiveCfg = Release|Any CPU
		{94BEE901-70B9-4271-90B6-D27BDD131D8E}.Release|x86.Build.0 = Release|Any CPU
		{840C3569-EBEA-469A-B984-3A0FC1D94B48}.Debug|Any CPU.ActiveCfg = Debug|Any CPU
		{840C3569-EBEA-469A-B984-3A0FC1D94B48}.Debug|Any CPU.Build.0 = Debug|Any CPU
		{840C3569-EBEA-469A-B984-3A0FC1D94B48}.Debug|x64.ActiveCfg = Debug|Any CPU
		{840C3569-EBEA-469A-B984-3A0FC1D94B48}.Debug|x64.Build.0 = Debug|Any CPU
		{840C3569-EBEA-469A-B984-3A0FC1D94B48}.Debug|x86.ActiveCfg = Debug|Any CPU
		{840C3569-EBEA-469A-B984-3A0FC1D94B48}.Debug|x86.Build.0 = Debug|Any CPU
		{840C3569-EBEA-469A-B984-3A0FC1D94B48}.Release|Any CPU.ActiveCfg = Release|Any CPU
		{840C3569-EBEA-469A-B984-3A0FC1D94B48}.Release|Any CPU.Build.0 = Release|Any CPU
		{840C3569-EBEA-469A-B984-3A0FC1D94B48}.Release|x64.ActiveCfg = Release|Any CPU
		{840C3569-EBEA-469A-B984-3A0FC1D94B48}.Release|x64.Build.0 = Release|Any CPU
		{840C3569-EBEA-469A-B984-3A0FC1D94B48}.Release|x86.ActiveCfg = Release|Any CPU
		{840C3569-EBEA-469A-B984-3A0FC1D94B48}.Release|x86.Build.0 = Release|Any CPU
		{7B20FBF4-6C5A-425A-9FC5-A99A513898EA}.Debug|Any CPU.ActiveCfg = Debug|Any CPU
		{7B20FBF4-6C5A-425A-9FC5-A99A513898EA}.Debug|Any CPU.Build.0 = Debug|Any CPU
		{7B20FBF4-6C5A-425A-9FC5-A99A513898EA}.Debug|x64.ActiveCfg = Debug|Any CPU
		{7B20FBF4-6C5A-425A-9FC5-A99A513898EA}.Debug|x64.Build.0 = Debug|Any CPU
		{7B20FBF4-6C5A-425A-9FC5-A99A513898EA}.Debug|x86.ActiveCfg = Debug|Any CPU
		{7B20FBF4-6C5A-425A-9FC5-A99A513898EA}.Debug|x86.Build.0 = Debug|Any CPU
		{7B20FBF4-6C5A-425A-9FC5-A99A513898EA}.Release|Any CPU.ActiveCfg = Release|Any CPU
		{7B20FBF4-6C5A-425A-9FC5-A99A513898EA}.Release|Any CPU.Build.0 = Release|Any CPU
		{7B20FBF4-6C5A-425A-9FC5-A99A513898EA}.Release|x64.ActiveCfg = Release|Any CPU
		{7B20FBF4-6C5A-425A-9FC5-A99A513898EA}.Release|x64.Build.0 = Release|Any CPU
		{7B20FBF4-6C5A-425A-9FC5-A99A513898EA}.Release|x86.ActiveCfg = Release|Any CPU
		{7B20FBF4-6C5A-425A-9FC5-A99A513898EA}.Release|x86.Build.0 = Release|Any CPU
	EndGlobalSection
	GlobalSection(SolutionProperties) = preSolution
		HideSolutionNode = FALSE
	EndGlobalSection
	GlobalSection(NestedProjects) = preSolution
		{4501B9CA-52C0-41F1-B083-6286E3357F15} = {827E0CD3-B72D-47B6-A68D-7590B98EB39B}
		{42017BDD-191B-444D-A713-75B00A77094A} = {827E0CD3-B72D-47B6-A68D-7590B98EB39B}
		{94BEE901-70B9-4271-90B6-D27BDD131D8E} = {A288BEE0-695A-BEEA-455C-649571D89326}
		{840C3569-EBEA-469A-B984-3A0FC1D94B48} = {827E0CD3-B72D-47B6-A68D-7590B98EB39B}
		{3CEDABA0-254A-1DC8-09A6-E8AC46D0F50A} = {5D20AA90-6969-D8BD-9DCD-8634F4692FDA}
		{7B20FBF4-6C5A-425A-9FC5-A99A513898EA} = {3CEDABA0-254A-1DC8-09A6-E8AC46D0F50A}
	EndGlobalSection
EndGlobal
